
Microsoft Visual Studio Solution File, Format Version 12.00
# Visual Studio 15
VisualStudioVersion = 15.0.27004.2009
MinimumVisualStudioVersion = 10.0.40219.1
Project("{2150E333-8FDC-42A3-9474-1A3956D46DE8}") = "Src", "Src", "{FA07E34A-0604-4346-B392-04427D4BB1FB}"
EndProject
Project("{2150E333-8FDC-42A3-9474-1A3956D46DE8}") = "01", "01", "{79416935-342B-4385-AFF6-28797FB66B66}"
EndProject
Project("{2150E333-8FDC-42A3-9474-1A3956D46DE8}") = "02", "02", "{97464D70-E865-4453-A863-C8E8E28C18DB}"
EndProject
Project("{2150E333-8FDC-42A3-9474-1A3956D46DE8}") = "03", "03", "{91BB8B48-9DAB-4D1E-87EA-0D4D734259CA}"
EndProject
Project("{FAE04EC0-301F-11D3-BF4B-00C04F79EFBC}") = "Mfx1.Shared", "Src\01\Mfx1.Shared\Mfx1.Shared.csproj", "{53ABD37E-C485-44BE-A813-C8CE6D360856}"
EndProject
Project("{FAE04EC0-301F-11D3-BF4B-00C04F79EFBC}") = "Mfx1.ReadStack", "Src\01\Mfx1.ReadStack\Mfx1.ReadStack.csproj", "{8AC9FF5E-4F17-4F3B-95F8-376EA611E91E}"
EndProject
Project("{FAE04EC0-301F-11D3-BF4B-00C04F79EFBC}") = "Mfx1.CommandStack", "Src\01\Mfx1.CommandStack\Mfx1.CommandStack.csproj", "{7AEB05A5-5D14-473B-B2C9-4092EF437EA1}"
EndProject
Project("{FAE04EC0-301F-11D3-BF4B-00C04F79EFBC}") = "Mfx2.Shared", "Src\02\Mfx2.Shared\Mfx2.Shared.csproj", "{CE382720-9C66-4DF7-970F-2BE21B2ACB3D}"
EndProject
Project("{FAE04EC0-301F-11D3-BF4B-00C04F79EFBC}") = "Mfx2.ReadStack", "Src\02\Mfx2.ReadStack\Mfx2.ReadStack.csproj", "{15D4E68C-3837-4B6A-B90E-03293E106FB1}"
EndProject
Project("{FAE04EC0-301F-11D3-BF4B-00C04F79EFBC}") = "Mfx3.Shared", "Src\03\Mfx3.Shared\Mfx3.Shared.csproj", "{53EE2A48-D83D-4141-BE0F-C638742D8988}"
EndProject
Project("{FAE04EC0-301F-11D3-BF4B-00C04F79EFBC}") = "Mfx3.ReadStack", "Src\03\Mfx3.ReadStack\Mfx3.ReadStack.csproj", "{C0BF4913-C33E-42E5-AECF-B7F51FC95CD0}"
EndProject
Project("{FAE04EC0-301F-11D3-BF4B-00C04F79EFBC}") = "Mfx1.Server", "Src\01\Mfx1.Server\Mfx1.Server.csproj", "{46CE6BD2-8136-4A2F-9591-43BBA41E2D13}"
EndProject
Project("{FAE04EC0-301F-11D3-BF4B-00C04F79EFBC}") = "Mfx2.CommandStack", "Src\02\Mfx2.CommandStack\Mfx2.CommandStack.csproj", "{D1BC3A85-0843-43B4-A49E-33CDD2681002}"
EndProject
Project("{FAE04EC0-301F-11D3-BF4B-00C04F79EFBC}") = "Mfx2.Server", "Src\02\Mfx2.Server\Mfx2.Server.csproj", "{6B36055B-86C5-426A-97A4-971E655AAE9C}"
EndProject
Project("{FAE04EC0-301F-11D3-BF4B-00C04F79EFBC}") = "Mfx3.CommandStack", "Src\03\Mfx3.CommandStack\Mfx3.CommandStack.csproj", "{B979CA8D-CC80-4C15-AC9D-172F339ECE73}"
EndProject
Project("{FAE04EC0-301F-11D3-BF4B-00C04F79EFBC}") = "Mfx3.Server", "Src\03\Mfx3.Server\Mfx3.Server.csproj", "{BAD988E3-6066-4C53-9C16-5C87CB9D5DE5}"
EndProject
Global
	GlobalSection(SolutionConfigurationPlatforms) = preSolution
		Debug|Any CPU = Debug|Any CPU
		Release|Any CPU = Release|Any CPU
	EndGlobalSection
	GlobalSection(ProjectConfigurationPlatforms) = postSolution
		{53ABD37E-C485-44BE-A813-C8CE6D360856}.Debug|Any CPU.ActiveCfg = Debug|Any CPU
		{53ABD37E-C485-44BE-A813-C8CE6D360856}.Debug|Any CPU.Build.0 = Debug|Any CPU
		{53ABD37E-C485-44BE-A813-C8CE6D360856}.Release|Any CPU.ActiveCfg = Release|Any CPU
		{53ABD37E-C485-44BE-A813-C8CE6D360856}.Release|Any CPU.Build.0 = Release|Any CPU
		{8AC9FF5E-4F17-4F3B-95F8-376EA611E91E}.Debug|Any CPU.ActiveCfg = Debug|Any CPU
		{8AC9FF5E-4F17-4F3B-95F8-376EA611E91E}.Debug|Any CPU.Build.0 = Debug|Any CPU
		{8AC9FF5E-4F17-4F3B-95F8-376EA611E91E}.Release|Any CPU.ActiveCfg = Release|Any CPU
		{8AC9FF5E-4F17-4F3B-95F8-376EA611E91E}.Release|Any CPU.Build.0 = Release|Any CPU
		{7AEB05A5-5D14-473B-B2C9-4092EF437EA1}.Debug|Any CPU.ActiveCfg = Debug|Any CPU
		{7AEB05A5-5D14-473B-B2C9-4092EF437EA1}.Debug|Any CPU.Build.0 = Debug|Any CPU
		{7AEB05A5-5D14-473B-B2C9-4092EF437EA1}.Release|Any CPU.ActiveCfg = Release|Any CPU
		{7AEB05A5-5D14-473B-B2C9-4092EF437EA1}.Release|Any CPU.Build.0 = Release|Any CPU
		{CE382720-9C66-4DF7-970F-2BE21B2ACB3D}.Debug|Any CPU.ActiveCfg = Debug|Any CPU
		{CE382720-9C66-4DF7-970F-2BE21B2ACB3D}.Debug|Any CPU.Build.0 = Debug|Any CPU
		{CE382720-9C66-4DF7-970F-2BE21B2ACB3D}.Release|Any CPU.ActiveCfg = Release|Any CPU
		{CE382720-9C66-4DF7-970F-2BE21B2ACB3D}.Release|Any CPU.Build.0 = Release|Any CPU
		{15D4E68C-3837-4B6A-B90E-03293E106FB1}.Debug|Any CPU.ActiveCfg = Debug|Any CPU
		{15D4E68C-3837-4B6A-B90E-03293E106FB1}.Debug|Any CPU.Build.0 = Debug|Any CPU
		{15D4E68C-3837-4B6A-B90E-03293E106FB1}.Release|Any CPU.ActiveCfg = Release|Any CPU
		{15D4E68C-3837-4B6A-B90E-03293E106FB1}.Release|Any CPU.Build.0 = Release|Any CPU
		{53EE2A48-D83D-4141-BE0F-C638742D8988}.Debug|Any CPU.ActiveCfg = Debug|Any CPU
		{53EE2A48-D83D-4141-BE0F-C638742D8988}.Debug|Any CPU.Build.0 = Debug|Any CPU
		{53EE2A48-D83D-4141-BE0F-C638742D8988}.Release|Any CPU.ActiveCfg = Release|Any CPU
		{53EE2A48-D83D-4141-BE0F-C638742D8988}.Release|Any CPU.Build.0 = Release|Any CPU
		{C0BF4913-C33E-42E5-AECF-B7F51FC95CD0}.Debug|Any CPU.ActiveCfg = Debug|Any CPU
		{C0BF4913-C33E-42E5-AECF-B7F51FC95CD0}.Debug|Any CPU.Build.0 = Debug|Any CPU
		{C0BF4913-C33E-42E5-AECF-B7F51FC95CD0}.Release|Any CPU.ActiveCfg = Release|Any CPU
		{C0BF4913-C33E-42E5-AECF-B7F51FC95CD0}.Release|Any CPU.Build.0 = Release|Any CPU
		{46CE6BD2-8136-4A2F-9591-43BBA41E2D13}.Debug|Any CPU.ActiveCfg = Debug|Any CPU
		{46CE6BD2-8136-4A2F-9591-43BBA41E2D13}.Debug|Any CPU.Build.0 = Debug|Any CPU
		{46CE6BD2-8136-4A2F-9591-43BBA41E2D13}.Release|Any CPU.ActiveCfg = Release|Any CPU
		{46CE6BD2-8136-4A2F-9591-43BBA41E2D13}.Release|Any CPU.Build.0 = Release|Any CPU
		{D1BC3A85-0843-43B4-A49E-33CDD2681002}.Debug|Any CPU.ActiveCfg = Debug|Any CPU
		{D1BC3A85-0843-43B4-A49E-33CDD2681002}.Debug|Any CPU.Build.0 = Debug|Any CPU
		{D1BC3A85-0843-43B4-A49E-33CDD2681002}.Release|Any CPU.ActiveCfg = Release|Any CPU
		{D1BC3A85-0843-43B4-A49E-33CDD2681002}.Release|Any CPU.Build.0 = Release|Any CPU
		{6B36055B-86C5-426A-97A4-971E655AAE9C}.Debug|Any CPU.ActiveCfg = Debug|Any CPU
		{6B36055B-86C5-426A-97A4-971E655AAE9C}.Debug|Any CPU.Build.0 = Debug|Any CPU
		{6B36055B-86C5-426A-97A4-971E655AAE9C}.Release|Any CPU.ActiveCfg = Release|Any CPU
		{6B36055B-86C5-426A-97A4-971E655AAE9C}.Release|Any CPU.Build.0 = Release|Any CPU
		{B979CA8D-CC80-4C15-AC9D-172F339ECE73}.Debug|Any CPU.ActiveCfg = Debug|Any CPU
		{B979CA8D-CC80-4C15-AC9D-172F339ECE73}.Debug|Any CPU.Build.0 = Debug|Any CPU
		{B979CA8D-CC80-4C15-AC9D-172F339ECE73}.Release|Any CPU.ActiveCfg = Release|Any CPU
		{B979CA8D-CC80-4C15-AC9D-172F339ECE73}.Release|Any CPU.Build.0 = Release|Any CPU
		{BAD988E3-6066-4C53-9C16-5C87CB9D5DE5}.Debug|Any CPU.ActiveCfg = Debug|Any CPU
		{BAD988E3-6066-4C53-9C16-5C87CB9D5DE5}.Debug|Any CPU.Build.0 = Debug|Any CPU
		{BAD988E3-6066-4C53-9C16-5C87CB9D5DE5}.Release|Any CPU.ActiveCfg = Release|Any CPU
		{BAD988E3-6066-4C53-9C16-5C87CB9D5DE5}.Release|Any CPU.Build.0 = Release|Any CPU
	EndGlobalSection
	GlobalSection(SolutionProperties) = preSolution
		HideSolutionNode = FALSE
	EndGlobalSection
	GlobalSection(NestedProjects) = preSolution
		{79416935-342B-4385-AFF6-28797FB66B66} = {FA07E34A-0604-4346-B392-04427D4BB1FB}
		{97464D70-E865-4453-A863-C8E8E28C18DB} = {FA07E34A-0604-4346-B392-04427D4BB1FB}
		{91BB8B48-9DAB-4D1E-87EA-0D4D734259CA} = {FA07E34A-0604-4346-B392-04427D4BB1FB}
		{53ABD37E-C485-44BE-A813-C8CE6D360856} = {79416935-342B-4385-AFF6-28797FB66B66}
		{8AC9FF5E-4F17-4F3B-95F8-376EA611E91E} = {79416935-342B-4385-AFF6-28797FB66B66}
		{7AEB05A5-5D14-473B-B2C9-4092EF437EA1} = {79416935-342B-4385-AFF6-28797FB66B66}
		{CE382720-9C66-4DF7-970F-2BE21B2ACB3D} = {97464D70-E865-4453-A863-C8E8E28C18DB}
		{15D4E68C-3837-4B6A-B90E-03293E106FB1} = {97464D70-E865-4453-A863-C8E8E28C18DB}
		{53EE2A48-D83D-4141-BE0F-C638742D8988} = {91BB8B48-9DAB-4D1E-87EA-0D4D734259CA}
		{C0BF4913-C33E-42E5-AECF-B7F51FC95CD0} = {91BB8B48-9DAB-4D1E-87EA-0D4D734259CA}
		{46CE6BD2-8136-4A2F-9591-43BBA41E2D13} = {79416935-342B-4385-AFF6-28797FB66B66}
		{D1BC3A85-0843-43B4-A49E-33CDD2681002} = {97464D70-E865-4453-A863-C8E8E28C18DB}
		{6B36055B-86C5-426A-97A4-971E655AAE9C} = {97464D70-E865-4453-A863-C8E8E28C18DB}
		{B979CA8D-CC80-4C15-AC9D-172F339ECE73} = {91BB8B48-9DAB-4D1E-87EA-0D4D734259CA}
		{BAD988E3-6066-4C53-9C16-5C87CB9D5DE5} = {91BB8B48-9DAB-4D1E-87EA-0D4D734259CA}
	EndGlobalSection
	GlobalSection(ExtensibilityGlobals) = postSolution
		SolutionGuid = {3579DF24-A338-41DB-8E9D-2C6DF2352018}
	EndGlobalSection
EndGlobal
