
Microsoft Visual Studio Solution File, Format Version 12.00
# Visual Studio 15
VisualStudioVersion = 15.0.27004.2009
MinimumVisualStudioVersion = 10.0.40219.1
Project("{2150E333-8FDC-42A3-9474-1A3956D46DE8}") = "Src", "Src", "{FA07E34A-0604-4346-B392-04427D4BB1FB}"
EndProject
Project("{2150E333-8FDC-42A3-9474-1A3956D46DE8}") = "01", "01", "{79416935-342B-4385-AFF6-28797FB66B66}"
EndProject
Global
	GlobalSection(SolutionProperties) = preSolution
		HideSolutionNode = FALSE
	EndGlobalSection
	GlobalSection(NestedProjects) = preSolution
		{79416935-342B-4385-AFF6-28797FB66B66} = {FA07E34A-0604-4346-B392-04427D4BB1FB}
	EndGlobalSection
	GlobalSection(ExtensibilityGlobals) = postSolution
		SolutionGuid = {3579DF24-A338-41DB-8E9D-2C6DF2352018}
	EndGlobalSection
EndGlobal
