
Microsoft Visual Studio Solution File, Format Version 12.00
# Visual Studio 15
VisualStudioVersion = 15.0.27004.2009
MinimumVisualStudioVersion = 10.0.40219.1
Project("{FAE04EC0-301F-11D3-BF4B-00C04F79EFBC}") = "Mfx1.Server", "Mfx1.Server\Mfx1.Server.csproj", "{F4BC63B3-5916-402A-B547-8ACF7E6CDE95}"
EndProject
Global
	GlobalSection(SolutionConfigurationPlatforms) = preSolution
		Debug|Any CPU = Debug|Any CPU
		Release|Any CPU = Release|Any CPU
	EndGlobalSection
	GlobalSection(ProjectConfigurationPlatforms) = postSolution
		{F4BC63B3-5916-402A-B547-8ACF7E6CDE95}.Debug|Any CPU.ActiveCfg = Debug|Any CPU
		{F4BC63B3-5916-402A-B547-8ACF7E6CDE95}.Debug|Any CPU.Build.0 = Debug|Any CPU
		{F4BC63B3-5916-402A-B547-8ACF7E6CDE95}.Release|Any CPU.ActiveCfg = Release|Any CPU
		{F4BC63B3-5916-402A-B547-8ACF7E6CDE95}.Release|Any CPU.Build.0 = Release|Any CPU
	EndGlobalSection
	GlobalSection(SolutionProperties) = preSolution
		HideSolutionNode = FALSE
	EndGlobalSection
	GlobalSection(ExtensibilityGlobals) = postSolution
		SolutionGuid = {79C56FBF-2818-48FB-B975-C788DB29E5D4}
	EndGlobalSection
EndGlobal
